Microsoft Visual Studio Solution File, Format Version 11.00
# Visual Studio 2008

Project("{E30E2B00-FE9F-57A4-E7E1-5C6FB09C6FA9}") = "CarRunv1.1", "Assembly-CSharp-vs.csproj", "{0C30B738-2888-1A3B-CCE5-56FAE7DD03D9}"
EndProject
Global
	GlobalSection(SolutionConfigurationPlatforms) = preSolution
		Debug|Any CPU = Debug|Any CPU
		Release|Any CPU = Release|Any CPU
	EndGlobalSection
	GlobalSection(ProjectConfigurationPlatforms) = postSolution
		{0C30B738-2888-1A3B-CCE5-56FAE7DD03D9}.Debug|Any CPU.ActiveCfg = Debug|Any CPU
		{0C30B738-2888-1A3B-CCE5-56FAE7DD03D9}.Debug|Any CPU.Build.0 = Debug|Any CPU
		{0C30B738-2888-1A3B-CCE5-56FAE7DD03D9}.Release|Any CPU.ActiveCfg = Release|Any CPU
		{0C30B738-2888-1A3B-CCE5-56FAE7DD03D9}.Release|Any CPU.Build.0 = Release|Any CPU
	EndGlobalSection
	GlobalSection(SolutionProperties) = preSolution
		HideSolutionNode = FALSE
	EndGlobalSection
																	GlobalSection(MonoDevelopProperties) = preSolution
		StartupItem = Assembly-CSharp.csproj
		Policies = $0
		$0.TextStylePolicy = $1
		$1.inheritsSet = null
		$1.scope = text/x-csharp
		$0.CSharpFormattingPolicy = $2
		$2.inheritsSet = Mono
		$2.inheritsScope = text/x-csharp
		$2.scope = text/x-csharp
		$0.TextStylePolicy = $3
		$3.FileWidth = 120
		$3.TabWidth = 4
		$3.IndentWidth = 4
		$3.EolMarker = Unix
		$3.inheritsSet = Mono
		$3.inheritsScope = text/plain
		$3.scope = text/plain
	EndGlobalSection

EndGlobal
