
Microsoft Visual Studio Solution File, Format Version 12.00
# Visual Studio 14
VisualStudioVersion = 14.0.24720.0
MinimumVisualStudioVersion = 10.0.40219.1
Project("{FAE04EC0-301F-11D3-BF4B-00C04F79EFBC}") = "RentACar", "App1\RentACar.csproj", "{BCEAA05D-1E46-4D77-82F4-F39D0D9F921F}"
EndProject
Global
	GlobalSection(SolutionConfigurationPlatforms) = preSolution
		Debug|ARM = Debug|ARM
		Debug|x64 = Debug|x64
		Debug|x86 = Debug|x86
		Release|ARM = Release|ARM
		Release|x64 = Release|x64
		Release|x86 = Release|x86
	EndGlobalSection
	GlobalSection(ProjectConfigurationPlatforms) = postSolution
		{BCEAA05D-1E46-4D77-82F4-F39D0D9F921F}.Debug|ARM.ActiveCfg = Debug|ARM
		{BCEAA05D-1E46-4D77-82F4-F39D0D9F921F}.Debug|ARM.Build.0 = Debug|ARM
		{BCEAA05D-1E46-4D77-82F4-F39D0D9F921F}.Debug|ARM.Deploy.0 = Debug|ARM
		{BCEAA05D-1E46-4D77-82F4-F39D0D9F921F}.Debug|x64.ActiveCfg = Debug|x64
		{BCEAA05D-1E46-4D77-82F4-F39D0D9F921F}.Debug|x64.Build.0 = Debug|x64
		{BCEAA05D-1E46-4D77-82F4-F39D0D9F921F}.Debug|x64.Deploy.0 = Debug|x64
		{BCEAA05D-1E46-4D77-82F4-F39D0D9F921F}.Debug|x86.ActiveCfg = Debug|x86
		{BCEAA05D-1E46-4D77-82F4-F39D0D9F921F}.Debug|x86.Build.0 = Debug|x86
		{BCEAA05D-1E46-4D77-82F4-F39D0D9F921F}.Debug|x86.Deploy.0 = Debug|x86
		{BCEAA05D-1E46-4D77-82F4-F39D0D9F921F}.Release|ARM.ActiveCfg = Release|ARM
		{BCEAA05D-1E46-4D77-82F4-F39D0D9F921F}.Release|ARM.Build.0 = Release|ARM
		{BCEAA05D-1E46-4D77-82F4-F39D0D9F921F}.Release|ARM.Deploy.0 = Release|ARM
		{BCEAA05D-1E46-4D77-82F4-F39D0D9F921F}.Release|x64.ActiveCfg = Release|x64
		{BCEAA05D-1E46-4D77-82F4-F39D0D9F921F}.Release|x64.Build.0 = Release|x64
		{BCEAA05D-1E46-4D77-82F4-F39D0D9F921F}.Release|x64.Deploy.0 = Release|x64
		{BCEAA05D-1E46-4D77-82F4-F39D0D9F921F}.Release|x86.ActiveCfg = Release|x86
		{BCEAA05D-1E46-4D77-82F4-F39D0D9F921F}.Release|x86.Build.0 = Release|x86
		{BCEAA05D-1E46-4D77-82F4-F39D0D9F921F}.Release|x86.Deploy.0 = Release|x86
	EndGlobalSection
	GlobalSection(SolutionProperties) = preSolution
		HideSolutionNode = FALSE
	EndGlobalSection
EndGlobal
